{
  "name": "administration-client",
  "version": "1.0.0",
  "lockfileVersion": 3,
  "requires": true,
  "packages": {
    "": {
      "name": "administration-client",
      "version": "1.0.0",
      "license": "ISC",
      "dependencies": {
        "administration-client": "file:"
      }
    },
    "node_modules/administration-client": {
      "resolved": "",
      "link": true
    }
  }
}
